{
    "_readme": [
        "This file locks the dependencies of your project to a known state",
        "Read more about it at https://getcomposer.org/doc/01-basic-usage.md#installing-dependencies",
        "This file is @generated automatically"
    ],
    "content-hash": "8fd23a36600336ceacabdc7be4ef424a",
    "packages": [
        {
            "name": "aura/session",
            "version": "2.1.0",
            "source": {
                "type": "git",
                "url": "https://github.com/auraphp/Aura.Session.git",
                "reference": "7d2f7d41ad693970b5b6b83facca0961d3378883"
            },
            "dist": {
                "type": "zip",
                "url": "https://api.github.com/repos/auraphp/Aura.Session/zipball/7d2f7d41ad693970b5b6b83facca0961d3378883",
                "reference": "7d2f7d41ad693970b5b6b83facca0961d3378883",
                "shasum": ""
            },
            "require": {
                "php": ">=5.3.0"
            },
            "require-dev": {
                "aura/di": "~2.0"
            },
            "suggest": {
                "ext-mcrypt": "Mcrypt generates the next best secure CSRF tokens.",
                "ext-openssl": "OpenSSL generates the best secure CSRF tokens.",
                "ircmaxell/random-lib": "A Library For Generating Secure Random Numbers",
                "paragonie/random_compat": "PHP 5.x polyfill for random_bytes() and random_int() from PHP 7"
            },
            "type": "library",
            "extra": {
                "aura": {
                    "type": "library",
                    "config": {
                        "common": "Aura\\Session\\_Config\\Common"
                    }
                }
            },
            "autoload": {
                "psr-4": {
                    "Aura\\Session\\": "src/",
                    "Aura\\Session\\_Config\\": "config/"
                }
            },
            "notification-url": "https://packagist.org/downloads/",
            "license": [
                "BSD-2-Clause"
            ],
            "authors": [
                {
                    "name": "Aura.Session Contributors",
                    "homepage": "https://github.com/auraphp/Aura.Session/contributors"
                }
            ],
            "description": "Provides session management functionality, including lazy session starting, session segments, next-request-only (\"flash\") values, and CSRF tools.",
            "homepage": "https://github.com/auraphp/Aura.Session",
            "keywords": [
                "csrf",
                "flash",
                "flash message",
                "session",
                "sessions"
            ],
            "support": {
                "issues": "https://github.com/auraphp/Aura.Session/issues",
                "source": "https://github.com/auraphp/Aura.Session/tree/2.x"
            },
            "time": "2016-10-03T20:28:32+00:00"
        },
        {
            "name": "catfan/medoo",
            "version": "v2.1.7",
            "source": {
                "type": "git",
                "url": "https://github.com/catfan/Medoo.git",
                "reference": "74be58f80d330d1075ef3bfd0fb3d057349597ae"
            },
            "dist": {
                "type": "zip",
                "url": "https://api.github.com/repos/catfan/Medoo/zipball/74be58f80d330d1075ef3bfd0fb3d057349597ae",
                "reference": "74be58f80d330d1075ef3bfd0fb3d057349597ae",
                "shasum": ""
            },
            "require": {
                "ext-pdo": "*",
                "php": ">=7.3"
            },
            "require-dev": {
                "phpunit/phpunit": "^9.0"
            },
            "suggest": {
                "ext-pdo_dblib": "For MSSQL or Sybase database on Linux/UNIX platform",
                "ext-pdo_mysql": "For MySQL or MariaDB database",
                "ext-pdo_oci": "For Oracle database",
                "ext-pdo_pqsql": "For PostgreSQL database",
                "ext-pdo_sqlite": "For SQLite database",
                "ext-pdo_sqlsrv": "For MSSQL database on both Window/Liunx platform"
            },
            "type": "framework",
            "autoload": {
                "psr-4": {
                    "Medoo\\": "src/"
                }
            },
            "notification-url": "https://packagist.org/downloads/",
            "license": [
                "MIT"
            ],
            "authors": [
                {
                    "name": "Angel Lai",
                    "email": "angel@medoo.in"
                }
            ],
            "description": "The lightweight PHP database framework to accelerate development",
            "homepage": "https://medoo.in",
            "keywords": [
                "database",
                "database library",
                "lightweight",
                "mariadb",
                "mssql",
                "mysql",
                "oracle",
                "php framework",
                "postgresql",
                "sql",
                "sqlite"
            ],
            "support": {
                "issues": "https://github.com/catfan/Medoo/issues",
                "source": "https://github.com/catfan/Medoo"
            },
            "funding": [
                {
                    "url": "https://paypal.me/AngelaonLai",
                    "type": "custom"
                },
                {
                    "url": "https://opencollective.com/medoo",
                    "type": "open_collective"
                }
            ],
            "time": "2022-07-02T04:27:50+00:00"
        },
        {
            "name": "miladrahimi/php-jwt",
            "version": "v2.1.5",
            "source": {
                "type": "git",
                "url": "https://github.com/miladrahimi/php-jwt.git",
                "reference": "e88ab6b28885257ee85e9f9ff2439f1615238f50"
            },
            "dist": {
                "type": "zip",
                "url": "https://api.github.com/repos/miladrahimi/php-jwt/zipball/e88ab6b28885257ee85e9f9ff2439f1615238f50",
                "reference": "e88ab6b28885257ee85e9f9ff2439f1615238f50",
                "shasum": ""
            },
            "require": {
                "ext-json": "*",
                "ext-openssl": "*",
                "php": ">=7.1|^8.0"
            },
            "require-dev": {
                "phpunit/phpunit": "^7|^8|^9"
            },
            "type": "library",
            "autoload": {
                "psr-4": {
                    "MiladRahimi\\Jwt\\": "src/",
                    "MiladRahimi\\Jwt\\Tests\\": "tests/"
                }
            },
            "notification-url": "https://packagist.org/downloads/",
            "license": [
                "MIT"
            ],
            "authors": [
                {
                    "name": "Milad Rahimi",
                    "email": "info@miladrahimi.com"
                }
            ],
            "description": "A PHP implementation of JWT (JSON Web Token) generator, parser, verifier, and validator",
            "homepage": "https://github.com/miladrahimi/php-jwt",
            "keywords": [
                "JSON Web Token",
                "decoder",
                "encoder",
                "jwt",
                "parser",
                "token",
                "validator",
                "verifier"
            ],
            "support": {
                "issues": "https://github.com/miladrahimi/php-jwt/issues",
                "source": "https://github.com/miladrahimi/php-jwt/tree/v2.1.5"
            },
            "funding": [
                {
                    "url": "https://miladrahimi.com/pay.html",
                    "type": "custom"
                }
            ],
            "time": "2022-11-25T12:28:34+00:00"
        },
        {
            "name": "rakit/session",
            "version": "v1.0.0",
            "source": {
                "type": "git",
                "url": "https://github.com/rakit/session.git",
                "reference": "e587de2f01ef07828db31372c2294058162244cf"
            },
            "dist": {
                "type": "zip",
                "url": "https://api.github.com/repos/rakit/session/zipball/e587de2f01ef07828db31372c2294058162244cf",
                "reference": "e587de2f01ef07828db31372c2294058162244cf",
                "shasum": ""
            },
            "type": "library",
            "autoload": {
                "psr-4": {
                    "Rakit\\Session\\": ""
                }
            },
            "notification-url": "https://packagist.org/downloads/",
            "license": [
                "MIT"
            ],
            "authors": [
                {
                    "name": "Muhammad Syifa",
                    "email": "emsifa@gmail.com"
                }
            ],
            "description": "Session manager providing PDO, Cookie, and File drivers",
            "support": {
                "issues": "https://github.com/rakit/session/issues",
                "source": "https://github.com/rakit/session/tree/master"
            },
            "time": "2016-01-15T08:18:27+00:00"
        }
    ],
    "packages-dev": [],
    "aliases": [],
    "minimum-stability": "stable",
    "stability-flags": [],
    "prefer-stable": false,
    "prefer-lowest": false,
    "platform": [],
    "platform-dev": [],
    "plugin-api-version": "2.3.0"
}
